
Microsoft Visual Studio Solution File, Format Version 12.00
# Visual Studio 2015
Project("{FAE04EC0-301F-11D3-BF4B-00C04F79EFBC}") = "FPS Delux", "FPS Delux.csproj", "{074EAAFC-70F3-A9E8-60E9-C80259D98203}"
EndProject
Global
	GlobalSection(SolutionConfigurationPlatforms) = preSolution
		Debug|Any CPU = Debug|Any CPU
		Release|Any CPU = Release|Any CPU
	EndGlobalSection
	GlobalSection(ProjectConfigurationPlatforms) = postSolution
		{074EAAFC-70F3-A9E8-60E9-C80259D98203}.Debug|Any CPU.ActiveCfg = Debug|Any CPU
		{074EAAFC-70F3-A9E8-60E9-C80259D98203}.Debug|Any CPU.Build.0 = Debug|Any CPU
		{074EAAFC-70F3-A9E8-60E9-C80259D98203}.Release|Any CPU.ActiveCfg = Release|Any CPU
		{074EAAFC-70F3-A9E8-60E9-C80259D98203}.Release|Any CPU.Build.0 = Release|Any CPU
	EndGlobalSection
	GlobalSection(SolutionProperties) = preSolution
		HideSolutionNode = FALSE
	EndGlobalSection
EndGlobal
